{
  "name": "UberClone",
  "lockfileVersion": 3,
  "requires": true,
  "packages": {
    "": {
      "dependencies": {
        "flatted": "^3.3.2"
      }
    },
    "node_modules/flatted": {
      "version": "3.3.2",
      "resolved": "https://registry.npmjs.org/flatted/-/flatted-3.3.2.tgz",
      "integrity": "sha512-AiwGJM8YcNOaobumgtng+6NHuOqC3A7MixFeDafM3X9cIUM+xUXoS5Vfgf+OihAYe20fxqNM9yPBXJzRtZ/4eA=="
    }
  }
}
